{
  "originHash" : "4780a341802a8c03a8d8fa8bf08d222781a6a6878ab3f7bd55dcd65bbf1437da",
  "pins" : [
    {
      "identity" : "libgit2",
      "kind" : "remoteSourceControl",
      "location" : "https://github.com/ibrahimcetin/libgit2.git",
      "state" : {
        "revision" : "52287b0914f300f916b58fec80e13d8dd8f6824f",
        "version" : "1.9.2"
      }
    }
  ],
  "version" : 3
}
